
Microsoft Visual Studio Solution File, Format Version 12.00
# Visual Studio 15
Project("{FAE04EC0-301F-11D3-BF4B-00C04F79EFBC}") = "Assembly-CSharp", "Assembly-CSharp.csproj", "{03505F0E-BC4A-6AFA-B042-DB96878A6EAC}"
EndProject
Project("{FAE04EC0-301F-11D3-BF4B-00C04F79EFBC}") = "Assembly-CSharp-Editor", "Assembly-CSharp-Editor.csproj", "{67C21C10-0516-D555-D8A8-D8EF8B79CA3F}"
EndProject
Global
	GlobalSection(SolutionConfigurationPlatforms) = preSolution
		Debug|Any CPU = Debug|Any CPU
		Release|Any CPU = Release|Any CPU
	EndGlobalSection
	GlobalSection(ProjectConfigurationPlatforms) = postSolution
		{03505F0E-BC4A-6AFA-B042-DB96878A6EAC}.Debug|Any CPU.ActiveCfg = Debug|Any CPU
		{03505F0E-BC4A-6AFA-B042-DB96878A6EAC}.Debug|Any CPU.Build.0 = Debug|Any CPU
		{03505F0E-BC4A-6AFA-B042-DB96878A6EAC}.Release|Any CPU.ActiveCfg = Release|Any CPU
		{03505F0E-BC4A-6AFA-B042-DB96878A6EAC}.Release|Any CPU.Build.0 = Release|Any CPU
		{67C21C10-0516-D555-D8A8-D8EF8B79CA3F}.Debug|Any CPU.ActiveCfg = Debug|Any CPU
		{67C21C10-0516-D555-D8A8-D8EF8B79CA3F}.Debug|Any CPU.Build.0 = Debug|Any CPU
		{67C21C10-0516-D555-D8A8-D8EF8B79CA3F}.Release|Any CPU.ActiveCfg = Release|Any CPU
		{67C21C10-0516-D555-D8A8-D8EF8B79CA3F}.Release|Any CPU.Build.0 = Release|Any CPU
	EndGlobalSection
	GlobalSection(SolutionProperties) = preSolution
		HideSolutionNode = FALSE
	EndGlobalSection
EndGlobal
